
Microsoft Visual Studio Solution File, Format Version 12.00
# Visual Studio Version 17
VisualStudioVersion = 17.12.35527.113
MinimumVisualStudioVersion = 10.0.40219.1
Project("{FAE04EC0-301F-11D3-BF4B-00C04F79EFBC}") = "VolvoProject", "VolvoProject.csproj", "{0B595665-9765-44A4-9D62-7082A57E5A12}"
EndProject
Project("{FAE04EC0-301F-11D3-BF4B-00C04F79EFBC}") = "VolvoProject.Tests", "..\VolvoProject.Tests\VolvoProject.Tests.csproj", "{8E991EC4-E2C2-4F9D-951F-576BD0FB0ACF}"
EndProject
Global
	GlobalSection(SolutionConfigurationPlatforms) = preSolution
		Debug|Any CPU = Debug|Any CPU
		Release|Any CPU = Release|Any CPU
	EndGlobalSection
	GlobalSection(ProjectConfigurationPlatforms) = postSolution
		{0B595665-9765-44A4-9D62-7082A57E5A12}.Debug|Any CPU.ActiveCfg = Debug|Any CPU
		{0B595665-9765-44A4-9D62-7082A57E5A12}.Debug|Any CPU.Build.0 = Debug|Any CPU
		{0B595665-9765-44A4-9D62-7082A57E5A12}.Release|Any CPU.ActiveCfg = Release|Any CPU
		{0B595665-9765-44A4-9D62-7082A57E5A12}.Release|Any CPU.Build.0 = Release|Any CPU
		{8E991EC4-E2C2-4F9D-951F-576BD0FB0ACF}.Debug|Any CPU.ActiveCfg = Debug|Any CPU
		{8E991EC4-E2C2-4F9D-951F-576BD0FB0ACF}.Debug|Any CPU.Build.0 = Debug|Any CPU
		{8E991EC4-E2C2-4F9D-951F-576BD0FB0ACF}.Release|Any CPU.ActiveCfg = Release|Any CPU
		{8E991EC4-E2C2-4F9D-951F-576BD0FB0ACF}.Release|Any CPU.Build.0 = Release|Any CPU
	EndGlobalSection
	GlobalSection(SolutionProperties) = preSolution
		HideSolutionNode = FALSE
	EndGlobalSection
EndGlobal
